
Microsoft Visual Studio Solution File, Format Version 12.00
# Visual Studio Version 16
VisualStudioVersion = 16.0.34031.81
MinimumVisualStudioVersion = 10.0.40219.1
Project("{FAE04EC0-301F-11D3-BF4B-00C04F79EFBC}") = "QuicksortAlgorithm2", "QuicksortAlgorithm2.csproj", "{214D5EF2-0C80-469A-8FAE-EA74264D1DA4}"
EndProject
Global
	GlobalSection(SolutionConfigurationPlatforms) = preSolution
		Debug|Any CPU = Debug|Any CPU
		Release|Any CPU = Release|Any CPU
	EndGlobalSection
	GlobalSection(ProjectConfigurationPlatforms) = postSolution
		{214D5EF2-0C80-469A-8FAE-EA74264D1DA4}.Debug|Any CPU.ActiveCfg = Debug|Any CPU
		{214D5EF2-0C80-469A-8FAE-EA74264D1DA4}.Debug|Any CPU.Build.0 = Debug|Any CPU
		{214D5EF2-0C80-469A-8FAE-EA74264D1DA4}.Release|Any CPU.ActiveCfg = Release|Any CPU
		{214D5EF2-0C80-469A-8FAE-EA74264D1DA4}.Release|Any CPU.Build.0 = Release|Any CPU
	EndGlobalSection
	GlobalSection(SolutionProperties) = preSolution
		HideSolutionNode = FALSE
	EndGlobalSection
	GlobalSection(ExtensibilityGlobals) = postSolution
		SolutionGuid = {E427AA17-309C-4AFA-86DF-F30F739B8540}
	EndGlobalSection
EndGlobal
